
Microsoft Visual Studio Solution File, Format Version 12.00
# Visual Studio Version 17
VisualStudioVersion = 17.4.33213.308
MinimumVisualStudioVersion = 10.0.40219.1
Project("{FAE04EC0-301F-11D3-BF4B-00C04F79EFBC}") = "EasyBreath.web", "EasyBreath.web\EasyBreath.web.csproj", "{F77BCC80-49FA-4DD3-B7B5-389823F38997}"
EndProject
Global
	GlobalSection(SolutionConfigurationPlatforms) = preSolution
		Debug|Any CPU = Debug|Any CPU
		Release|Any CPU = Release|Any CPU
	EndGlobalSection
	GlobalSection(ProjectConfigurationPlatforms) = postSolution
		{F77BCC80-49FA-4DD3-B7B5-389823F38997}.Debug|Any CPU.ActiveCfg = Debug|Any CPU
		{F77BCC80-49FA-4DD3-B7B5-389823F38997}.Debug|Any CPU.Build.0 = Debug|Any CPU
		{F77BCC80-49FA-4DD3-B7B5-389823F38997}.Release|Any CPU.ActiveCfg = Release|Any CPU
		{F77BCC80-49FA-4DD3-B7B5-389823F38997}.Release|Any CPU.Build.0 = Release|Any CPU
	EndGlobalSection
	GlobalSection(SolutionProperties) = preSolution
		HideSolutionNode = FALSE
	EndGlobalSection
	GlobalSection(ExtensibilityGlobals) = postSolution
		SolutionGuid = {67BDA07F-323A-42EF-9BDB-DF3A058B9F84}
	EndGlobalSection
EndGlobal
